
Microsoft Visual Studio Solution File, Format Version 12.00
# Visual Studio Version 17
VisualStudioVersion = 17.6.33723.286
MinimumVisualStudioVersion = 10.0.40219.1
Project("{FAE04EC0-301F-11D3-BF4B-00C04F79EFBC}") = "sdz-agent", "sdz-agent\sdz-agent.csproj", "{4849D4B6-B63F-4E4B-BA72-C0173C9523BB}"
EndProject
Global
	GlobalSection(SolutionConfigurationPlatforms) = preSolution
		Debug|Any CPU = Debug|Any CPU
		Release|Any CPU = Release|Any CPU
	EndGlobalSection
	GlobalSection(ProjectConfigurationPlatforms) = postSolution
		{4849D4B6-B63F-4E4B-BA72-C0173C9523BB}.Debug|Any CPU.ActiveCfg = Debug|Any CPU
		{4849D4B6-B63F-4E4B-BA72-C0173C9523BB}.Debug|Any CPU.Build.0 = Debug|Any CPU
		{4849D4B6-B63F-4E4B-BA72-C0173C9523BB}.Release|Any CPU.ActiveCfg = Release|Any CPU
		{4849D4B6-B63F-4E4B-BA72-C0173C9523BB}.Release|Any CPU.Build.0 = Release|Any CPU
	EndGlobalSection
	GlobalSection(SolutionProperties) = preSolution
		HideSolutionNode = FALSE
	EndGlobalSection
	GlobalSection(ExtensibilityGlobals) = postSolution
		SolutionGuid = {B9166800-0F9F-4E7F-8ACC-3935E1A131DE}
	EndGlobalSection
EndGlobal
